
Microsoft Visual Studio Solution File, Format Version 12.00
# Visual Studio Version 17
VisualStudioVersion = 17.0.31903.59
MinimumVisualStudioVersion = 10.0.40219.1
Project("{2150E333-8FDC-42A3-9474-1A3956D46DE8}") = "src", "src", "{15DE8FAA-AEEA-4853-9321-BADA1DE7279C}"
EndProject
Project("{FAE04EC0-301F-11D3-BF4B-00C04F79EFBC}") = "Fiap.TechChallenge.LambdaAuth", "src\Fiap.TechChallenge.LambdaAuth\Fiap.TechChallenge.LambdaAuth.csproj", "{DD138D6C-EB1E-4ADE-A8D6-E925E4D1C9F5}"
EndProject
Project("{2150E333-8FDC-42A3-9474-1A3956D46DE8}") = "tests", "tests", "{E254C100-96CD-4FBE-BB04-0149B3A69F5B}"
EndProject
Project("{FAE04EC0-301F-11D3-BF4B-00C04F79EFBC}") = "Fiap.TechChallenge.LambdaAuth.Tests", "tests\Fiap.TechChallenge.LambdaAuth.Tests\Fiap.TechChallenge.LambdaAuth.Tests.csproj", "{CC5321EB-62F8-4E0E-AF5E-2312744C5529}"
EndProject
Global
	GlobalSection(SolutionConfigurationPlatforms) = preSolution
		Debug|Any CPU = Debug|Any CPU
		Release|Any CPU = Release|Any CPU
	EndGlobalSection
	GlobalSection(SolutionProperties) = preSolution
		HideSolutionNode = FALSE
	EndGlobalSection
	GlobalSection(ProjectConfigurationPlatforms) = postSolution
		{DD138D6C-EB1E-4ADE-A8D6-E925E4D1C9F5}.Debug|Any CPU.ActiveCfg = Debug|Any CPU
		{DD138D6C-EB1E-4ADE-A8D6-E925E4D1C9F5}.Debug|Any CPU.Build.0 = Debug|Any CPU
		{DD138D6C-EB1E-4ADE-A8D6-E925E4D1C9F5}.Release|Any CPU.ActiveCfg = Release|Any CPU
		{DD138D6C-EB1E-4ADE-A8D6-E925E4D1C9F5}.Release|Any CPU.Build.0 = Release|Any CPU
		{CC5321EB-62F8-4E0E-AF5E-2312744C5529}.Debug|Any CPU.ActiveCfg = Debug|Any CPU
		{CC5321EB-62F8-4E0E-AF5E-2312744C5529}.Debug|Any CPU.Build.0 = Debug|Any CPU
		{CC5321EB-62F8-4E0E-AF5E-2312744C5529}.Release|Any CPU.ActiveCfg = Release|Any CPU
		{CC5321EB-62F8-4E0E-AF5E-2312744C5529}.Release|Any CPU.Build.0 = Release|Any CPU
	EndGlobalSection
	GlobalSection(NestedProjects) = preSolution
		{DD138D6C-EB1E-4ADE-A8D6-E925E4D1C9F5} = {15DE8FAA-AEEA-4853-9321-BADA1DE7279C}
		{CC5321EB-62F8-4E0E-AF5E-2312744C5529} = {E254C100-96CD-4FBE-BB04-0149B3A69F5B}
	EndGlobalSection
EndGlobal
